PODS:
  - Instantiate (4.0.0)
  - InstantiateStandard (4.0.0):
    - Instantiate (~> 4.0)
  - IQKeyboardManagerSwift (6.5.6)
  - Parchment (3.1.0)
  - RxCocoa (6.2.0):
    - RxRelay (= 6.2.0)
    - RxSwift (= 6.2.0)
  - RxRelay (6.2.0):
    - RxSwift (= 6.2.0)
  - RxSwift (6.2.0)

DEPENDENCIES:
  - Instantiate
  - InstantiateStandard
  - IQKeyboardManagerSwift
  - Parchment
  - RxCocoa
  - RxSwift

SPEC REPOS:
  trunk:
    - Instantiate
    - InstantiateStandard
    - IQKeyboardManagerSwift
    - Parchment
    - RxCocoa
    - RxRelay
    - RxSwift

SPEC CHECKSUMS:
  Instantiate: 62516e7dde448721c1f5815a9ee7e0669d034d52
  InstantiateStandard: 18ab1417ba787113350c71a5b2251f0b4448be67
  IQKeyboardManagerSwift: c7df9d2deb356c04522f5c4b7b6e4ce4d8ed94fe
  Parchment: 6250722ed0456d68f6bae03118eda722a28486f3
  RxCocoa: 4baf94bb35f2c0ab31bc0cb9f1900155f646ba42
  RxRelay: e72dbfd157807478401ef1982e1c61c945c94b2f
  RxSwift: d356ab7bee873611322f134c5f9ef379fa183d8f

PODFILE CHECKSUM: dd3478d64f50f1a399845ddeea963608b0357ea3

COCOAPODS: 1.11.2
