// !$*UTF8*$!
{
	archiveVersion = 1;
	classes = {
	};
	objectVersion = 55;
	objects = {

/* Begin PBXBuildFile section */
		3B424F9B2774A0B0004CDC57 /* AppDelegate.swift in Sources */ = {isa = PBXBuildFile; fileRef = 3B424F9A2774A0B0004CDC57 /* AppDelegate.swift */; };
		3B424F9D2774A0B0004CDC57 /* SceneDelegate.swift in Sources */ = {isa = PBXBuildFile; fileRef = 3B424F9C2774A0B0004CDC57 /* SceneDelegate.swift */; };
		3B424F9F2774A0B0004CDC57 /* CalculationViewController.swift in Sources */ = {isa = PBXBuildFile; fileRef = 3B424F9E2774A0B0004CDC57 /* CalculationViewController.swift */; };
		3B424FA22774A0B0004CDC57 /* CalculationViewController.storyboard in Resources */ = {isa = PBXBuildFile; fileRef = 3B424FA02774A0B0004CDC57 /* CalculationViewController.storyboard */; };
		3B424FA42774A0B7004CDC57 /* Assets.xcassets in Resources */ = {isa = PBXBuildFile; fileRef = 3B424FA32774A0B7004CDC57 /* Assets.xcassets */; };
		3B424FA72774A0B7004CDC57 /* LaunchScreen.storyboard in Resources */ = {isa = PBXBuildFile; fileRef = 3B424FA52774A0B7004CDC57 /* LaunchScreen.storyboard */; };
		3B4E3AF6277DF69100D06785 /* InsuranceTableViewCell.swift in Sources */ = {isa = PBXBuildFile; fileRef = 3B4E3AF4277DF69100D06785 /* InsuranceTableViewCell.swift */; };
		3B4E3AF7277DF69100D06785 /* InsuranceTableViewCell.xib in Resources */ = {isa = PBXBuildFile; fileRef = 3B4E3AF5277DF69100D06785 /* InsuranceTableViewCell.xib */; };
		3B8FFF6C2781B0150079E938 /* TaxViewController.swift in Sources */ = {isa = PBXBuildFile; fileRef = 3B8FFF6B2781B0140079E938 /* TaxViewController.swift */; };
		3B8FFF6E2781B03E0079E938 /* TaxViewController.storyboard in Resources */ = {isa = PBXBuildFile; fileRef = 3B8FFF6D2781B03E0079E938 /* TaxViewController.storyboard */; };
		3B9560CB278C5F030081CC86 /* LiabilityInsuranceTableViewCell.swift in Sources */ = {isa = PBXBuildFile; fileRef = 3B9560C9278C5F030081CC86 /* LiabilityInsuranceTableViewCell.swift */; };
		3B9560CC278C5F030081CC86 /* LiabilityInsuranceTableViewCell.xib in Resources */ = {isa = PBXBuildFile; fileRef = 3B9560CA278C5F030081CC86 /* LiabilityInsuranceTableViewCell.xib */; };
		3B9560CE279300F20081CC86 /* UIViewController+DismissKeyboard.swift in Sources */ = {isa = PBXBuildFile; fileRef = 3B9560CD279300F20081CC86 /* UIViewController+DismissKeyboard.swift */; };
		3B9560D0279466D60081CC86 /* PriceViewController.swift in Sources */ = {isa = PBXBuildFile; fileRef = 3B9560CF279466D60081CC86 /* PriceViewController.swift */; };
		3B9560D2279466EA0081CC86 /* PriceViewController.storyboard in Resources */ = {isa = PBXBuildFile; fileRef = 3B9560D1279466EA0081CC86 /* PriceViewController.storyboard */; };
		3B9560D527985C690081CC86 /* PriceTableViewCell.swift in Sources */ = {isa = PBXBuildFile; fileRef = 3B9560D327985C690081CC86 /* PriceTableViewCell.swift */; };
		3B9560D627985C690081CC86 /* PriceTableViewCell.xib in Resources */ = {isa = PBXBuildFile; fileRef = 3B9560D427985C690081CC86 /* PriceTableViewCell.xib */; };
		3B9F18A4277891DC00227123 /* TitleTableViewCell.swift in Sources */ = {isa = PBXBuildFile; fileRef = 3B9F18A2277891DC00227123 /* TitleTableViewCell.swift */; };
		3B9F18A5277891DC00227123 /* TitleTableViewCell.xib in Resources */ = {isa = PBXBuildFile; fileRef = 3B9F18A3277891DC00227123 /* TitleTableViewCell.xib */; };
		3B9F18AC277893B800227123 /* AutomobileTaxTableViewCell.swift in Sources */ = {isa = PBXBuildFile; fileRef = 3B9F18AA277893B800227123 /* AutomobileTaxTableViewCell.swift */; };
		3B9F18AD277893B800227123 /* AutomobileTaxTableViewCell.xib in Resources */ = {isa = PBXBuildFile; fileRef = 3B9F18AB277893B800227123 /* AutomobileTaxTableViewCell.xib */; };
		3B9F18B027789C5300227123 /* ResultTableViewCell.swift in Sources */ = {isa = PBXBuildFile; fileRef = 3B9F18AE27789C5300227123 /* ResultTableViewCell.swift */; };
		3B9F18B127789C5300227123 /* ResultTableViewCell.xib in Resources */ = {isa = PBXBuildFile; fileRef = 3B9F18AF27789C5300227123 /* ResultTableViewCell.xib */; };
		3B9F18B727789DB400227123 /* WeightTaxTableViewCell.swift in Sources */ = {isa = PBXBuildFile; fileRef = 3B9F18B527789DB400227123 /* WeightTaxTableViewCell.swift */; };
		3B9F18B827789DB400227123 /* WeightTaxTableViewCell.xib in Resources */ = {isa = PBXBuildFile; fileRef = 3B9F18B627789DB400227123 /* WeightTaxTableViewCell.xib */; };
		3BAEC7B927AFEB6C00CA4FCA /* PriceViewModel.swift in Sources */ = {isa = PBXBuildFile; fileRef = 3BAEC7B827AFEB6C00CA4FCA /* PriceViewModel.swift */; };
		3BC788E227AAC73E003172FD /* UITextField+TextToInt.swift in Sources */ = {isa = PBXBuildFile; fileRef = 3BC788E127AAC73E003172FD /* UITextField+TextToInt.swift */; };
		3BE568352785B80C00510579 /* InsuranceViewController.swift in Sources */ = {isa = PBXBuildFile; fileRef = 3BE568342785B80C00510579 /* InsuranceViewController.swift */; };
		3BE568372785B81C00510579 /* InsuranceViewController.storyboard in Resources */ = {isa = PBXBuildFile; fileRef = 3BE568362785B81C00510579 /* InsuranceViewController.storyboard */; };
		C7E7B7C0F9B4896350444EA1 /* Pods_CarUpkeep.framework in Frameworks */ = {isa = PBXBuildFile; fileRef = B16896EC2DA68AA5BE1CA5B4 /* Pods_CarUpkeep.framework */; };
/* End PBXBuildFile section */

/* Begin PBXFileReference section */
		3B424F972774A0B0004CDC57 /* CarUpkeep.app */ = {isa = PBXFileReference; explicitFileType = wrapper.application; includeInIndex = 0; path = CarUpkeep.app; sourceTree = BUILT_PRODUCTS_DIR; };
		3B424F9A2774A0B0004CDC57 /* AppDelegate.swift */ = {isa = PBXFileReference; lastKnownFileType = sourcecode.swift; path = AppDelegate.swift; sourceTree = "<group>"; };
		3B424F9C2774A0B0004CDC57 /* SceneDelegate.swift */ = {isa = PBXFileReference; lastKnownFileType = sourcecode.swift; path = SceneDelegate.swift; sourceTree = "<group>"; };
		3B424F9E2774A0B0004CDC57 /* CalculationViewController.swift */ = {isa = PBXFileReference; lastKnownFileType = sourcecode.swift; path = CalculationViewController.swift; sourceTree = "<group>"; };
		3B424FA12774A0B0004CDC57 /* Base */ = {isa = PBXFileReference; lastKnownFileType = file.storyboard; name = Base; path = Base.lproj/CalculationViewController.storyboard; sourceTree = "<group>"; };
		3B424FA32774A0B7004CDC57 /* Assets.xcassets */ = {isa = PBXFileReference; lastKnownFileType = folder.assetcatalog; path = Assets.xcassets; sourceTree = "<group>"; };
		3B424FA62774A0B7004CDC57 /* Base */ = {isa = PBXFileReference; lastKnownFileType = file.storyboard; name = Base; path = Base.lproj/LaunchScreen.storyboard; sourceTree = "<group>"; };
		3B424FA82774A0B7004CDC57 /* Info.plist */ = {isa = PBXFileReference; lastKnownFileType = text.plist.xml; path = Info.plist; sourceTree = "<group>"; };
		3B4E3AF4277DF69100D06785 /* InsuranceTableViewCell.swift */ = {isa = PBXFileReference; lastKnownFileType = sourcecode.swift; path = InsuranceTableViewCell.swift; sourceTree = "<group>"; };
		3B4E3AF5277DF69100D06785 /* InsuranceTableViewCell.xib */ = {isa = PBXFileReference; lastKnownFileType = file.xib; path = InsuranceTableViewCell.xib; sourceTree = "<group>"; };
		3B8FFF6B2781B0140079E938 /* TaxViewController.swift */ = {isa = PBXFileReference; lastKnownFileType = sourcecode.swift; path = TaxViewController.swift; sourceTree = "<group>"; };
		3B8FFF6D2781B03E0079E938 /* TaxViewController.storyboard */ = {isa = PBXFileReference; lastKnownFileType = file.storyboard; path = TaxViewController.storyboard; sourceTree = "<group>"; };
		3B9560C9278C5F030081CC86 /* LiabilityInsuranceTableViewCell.swift */ = {isa = PBXFileReference; lastKnownFileType = sourcecode.swift; path = LiabilityInsuranceTableViewCell.swift; sourceTree = "<group>"; };
		3B9560CA278C5F030081CC86 /* LiabilityInsuranceTableViewCell.xib */ = {isa = PBXFileReference; lastKnownFileType = file.xib; path = LiabilityInsuranceTableViewCell.xib; sourceTree = "<group>"; };
		3B9560CD279300F20081CC86 /* UIViewController+DismissKeyboard.swift */ = {isa = PBXFileReference; lastKnownFileType = sourcecode.swift; path = "UIViewController+DismissKeyboard.swift"; sourceTree = "<group>"; };
		3B9560CF279466D60081CC86 /* PriceViewController.swift */ = {isa = PBXFileReference; lastKnownFileType = sourcecode.swift; path = PriceViewController.swift; sourceTree = "<group>"; };
		3B9560D1279466EA0081CC86 /* PriceViewController.storyboard */ = {isa = PBXFileReference; lastKnownFileType = file.storyboard; path = PriceViewController.storyboard; sourceTree = "<group>"; };
		3B9560D327985C690081CC86 /* PriceTableViewCell.swift */ = {isa = PBXFileReference; lastKnownFileType = sourcecode.swift; path = PriceTableViewCell.swift; sourceTree = "<group>"; };
		3B9560D427985C690081CC86 /* PriceTableViewCell.xib */ = {isa = PBXFileReference; lastKnownFileType = file.xib; path = PriceTableViewCell.xib; sourceTree = "<group>"; };
		3B9F18A2277891DC00227123 /* TitleTableViewCell.swift */ = {isa = PBXFileReference; lastKnownFileType = sourcecode.swift; path = TitleTableViewCell.swift; sourceTree = "<group>"; };
		3B9F18A3277891DC00227123 /* TitleTableViewCell.xib */ = {isa = PBXFileReference; lastKnownFileType = file.xib; path = TitleTableViewCell.xib; sourceTree = "<group>"; };
		3B9F18AA277893B800227123 /* AutomobileTaxTableViewCell.swift */ = {isa = PBXFileReference; lastKnownFileType = sourcecode.swift; path = AutomobileTaxTableViewCell.swift; sourceTree = "<group>"; };
		3B9F18AB277893B800227123 /* AutomobileTaxTableViewCell.xib */ = {isa = PBXFileReference; lastKnownFileType = file.xib; path = AutomobileTaxTableViewCell.xib; sourceTree = "<group>"; };
		3B9F18AE27789C5300227123 /* ResultTableViewCell.swift */ = {isa = PBXFileReference; lastKnownFileType = sourcecode.swift; path = ResultTableViewCell.swift; sourceTree = "<group>"; };
		3B9F18AF27789C5300227123 /* ResultTableViewCell.xib */ = {isa = PBXFileReference; lastKnownFileType = file.xib; path = ResultTableViewCell.xib; sourceTree = "<group>"; };
		3B9F18B527789DB400227123 /* WeightTaxTableViewCell.swift */ = {isa = PBXFileReference; lastKnownFileType = sourcecode.swift; path = WeightTaxTableViewCell.swift; sourceTree = "<group>"; };
		3B9F18B627789DB400227123 /* WeightTaxTableViewCell.xib */ = {isa = PBXFileReference; lastKnownFileType = file.xib; path = WeightTaxTableViewCell.xib; sourceTree = "<group>"; };
		3BAEC7B827AFEB6C00CA4FCA /* PriceViewModel.swift */ = {isa = PBXFileReference; lastKnownFileType = sourcecode.swift; path = PriceViewModel.swift; sourceTree = "<group>"; };
		3BC788E127AAC73E003172FD /* UITextField+TextToInt.swift */ = {isa = PBXFileReference; lastKnownFileType = sourcecode.swift; path = "UITextField+TextToInt.swift"; sourceTree = "<group>"; };
		3BE568342785B80C00510579 /* InsuranceViewController.swift */ = {isa = PBXFileReference; lastKnownFileType = sourcecode.swift; path = InsuranceViewController.swift; sourceTree = "<group>"; };
		3BE568362785B81C00510579 /* InsuranceViewController.storyboard */ = {isa = PBXFileReference; lastKnownFileType = file.storyboard; path = InsuranceViewController.storyboard; sourceTree = "<group>"; };
		4FF455297008D3DE71AB66FF /* Pods-CarUpkeep.release.xcconfig */ = {isa = PBXFileReference; includeInIndex = 1; lastKnownFileType = text.xcconfig; name = "Pods-CarUpkeep.release.xcconfig"; path = "Target Support Files/Pods-CarUpkeep/Pods-CarUpkeep.release.xcconfig"; sourceTree = "<group>"; };
		B16896EC2DA68AA5BE1CA5B4 /* Pods_CarUpkeep.framework */ = {isa = PBXFileReference; explicitFileType = wrapper.framework; includeInIndex = 0; path = Pods_CarUpkeep.framework; sourceTree = BUILT_PRODUCTS_DIR; };
		F8F32A712EA177B544989E1E /* Pods-CarUpkeep.debug.xcconfig */ = {isa = PBXFileReference; includeInIndex = 1; lastKnownFileType = text.xcconfig; name = "Pods-CarUpkeep.debug.xcconfig"; path = "Target Support Files/Pods-CarUpkeep/Pods-CarUpkeep.debug.xcconfig"; sourceTree = "<group>"; };
/* End PBXFileReference section */

/* Begin PBXFrameworksBuildPhase section */
		3B424F942774A0B0004CDC57 /* Frameworks */ = {
			isa = PBXFrameworksBuildPhase;
			buildActionMask = 2147483647;
			files = (
				C7E7B7C0F9B4896350444EA1 /* Pods_CarUpkeep.framework in Frameworks */,
			);
			runOnlyForDeploymentPostprocessing = 0;
		};
/* End PBXFrameworksBuildPhase section */

/* Begin PBXGroup section */
		3B424F8E2774A0B0004CDC57 = {
			isa = PBXGroup;
			children = (
				3B424F992774A0B0004CDC57 /* CarUpkeep */,
				3B424F982774A0B0004CDC57 /* Products */,
				8ECD02E0EB63BE6E5BD1F0EA /* Pods */,
				5457DE42B5127B0F6E0D0076 /* Frameworks */,
			);
			sourceTree = "<group>";
		};
		3B424F982774A0B0004CDC57 /* Products */ = {
			isa = PBXGroup;
			children = (
				3B424F972774A0B0004CDC57 /* CarUpkeep.app */,
			);
			name = Products;
			sourceTree = "<group>";
		};
		3B424F992774A0B0004CDC57 /* CarUpkeep */ = {
			isa = PBXGroup;
			children = (
				3B424F9A2774A0B0004CDC57 /* AppDelegate.swift */,
				3B424F9C2774A0B0004CDC57 /* SceneDelegate.swift */,
				3B9560CD279300F20081CC86 /* UIViewController+DismissKeyboard.swift */,
				3BC788E127AAC73E003172FD /* UITextField+TextToInt.swift */,
				3BAEC7BB27AFEEFA00CA4FCA /* View */,
				3BAEC7BA27AFEEDA00CA4FCA /* ViewModel */,
				3B424FA32774A0B7004CDC57 /* Assets.xcassets */,
				3B424FA52774A0B7004CDC57 /* LaunchScreen.storyboard */,
				3B424FA82774A0B7004CDC57 /* Info.plist */,
			);
			path = CarUpkeep;
			sourceTree = "<group>";
		};
		3B4E3AF8277F11E100D06785 /* Cell */ = {
			isa = PBXGroup;
			children = (
				3B9560D327985C690081CC86 /* PriceTableViewCell.swift */,
				3B9560D427985C690081CC86 /* PriceTableViewCell.xib */,
				3B9F18A2277891DC00227123 /* TitleTableViewCell.swift */,
				3B9F18A3277891DC00227123 /* TitleTableViewCell.xib */,
				3B9F18AA277893B800227123 /* AutomobileTaxTableViewCell.swift */,
				3B9F18AB277893B800227123 /* AutomobileTaxTableViewCell.xib */,
				3B9F18B527789DB400227123 /* WeightTaxTableViewCell.swift */,
				3B9F18B627789DB400227123 /* WeightTaxTableViewCell.xib */,
				3B9F18AE27789C5300227123 /* ResultTableViewCell.swift */,
				3B9F18AF27789C5300227123 /* ResultTableViewCell.xib */,
				3B4E3AF4277DF69100D06785 /* InsuranceTableViewCell.swift */,
				3B4E3AF5277DF69100D06785 /* InsuranceTableViewCell.xib */,
				3B9560C9278C5F030081CC86 /* LiabilityInsuranceTableViewCell.swift */,
				3B9560CA278C5F030081CC86 /* LiabilityInsuranceTableViewCell.xib */,
			);
			path = Cell;
			sourceTree = "<group>";
		};
		3BAEC7BA27AFEEDA00CA4FCA /* ViewModel */ = {
			isa = PBXGroup;
			children = (
				3BAEC7B827AFEB6C00CA4FCA /* PriceViewModel.swift */,
			);
			path = ViewModel;
			sourceTree = "<group>";
		};
		3BAEC7BB27AFEEFA00CA4FCA /* View */ = {
			isa = PBXGroup;
			children = (
				3B424F9E2774A0B0004CDC57 /* CalculationViewController.swift */,
				3B424FA02774A0B0004CDC57 /* CalculationViewController.storyboard */,
				3B9560CF279466D60081CC86 /* PriceViewController.swift */,
				3B9560D1279466EA0081CC86 /* PriceViewController.storyboard */,
				3B8FFF6B2781B0140079E938 /* TaxViewController.swift */,
				3B8FFF6D2781B03E0079E938 /* TaxViewController.storyboard */,
				3BE568342785B80C00510579 /* InsuranceViewController.swift */,
				3BE568362785B81C00510579 /* InsuranceViewController.storyboard */,
				3B4E3AF8277F11E100D06785 /* Cell */,
			);
			path = View;
			sourceTree = "<group>";
		};
		5457DE42B5127B0F6E0D0076 /* Frameworks */ = {
			isa = PBXGroup;
			children = (
				B16896EC2DA68AA5BE1CA5B4 /* Pods_CarUpkeep.framework */,
			);
			name = Frameworks;
			sourceTree = "<group>";
		};
		8ECD02E0EB63BE6E5BD1F0EA /* Pods */ = {
			isa = PBXGroup;
			children = (
				F8F32A712EA177B544989E1E /* Pods-CarUpkeep.debug.xcconfig */,
				4FF455297008D3DE71AB66FF /* Pods-CarUpkeep.release.xcconfig */,
			);
			path = Pods;
			sourceTree = "<group>";
		};
/* End PBXGroup section */

/* Begin PBXNativeTarget section */
		3B424F962774A0B0004CDC57 /* CarUpkeep */ = {
			isa = PBXNativeTarget;
			buildConfigurationList = 3B424FAB2774A0B7004CDC57 /* Build configuration list for PBXNativeTarget "CarUpkeep" */;
			buildPhases = (
				77A8C939299197098563F889 /* [CP] Check Pods Manifest.lock */,
				3B424F932774A0B0004CDC57 /* Sources */,
				3B424F942774A0B0004CDC57 /* Frameworks */,
				3B424F952774A0B0004CDC57 /* Resources */,
				432470CC734C317DD9F4EE7F /* [CP] Embed Pods Frameworks */,
			);
			buildRules = (
			);
			dependencies = (
			);
			name = CarUpkeep;
			productName = CarUpkeep;
			productReference = 3B424F972774A0B0004CDC57 /* CarUpkeep.app */;
			productType = "com.apple.product-type.application";
		};
/* End PBXNativeTarget section */

/* Begin PBXProject section */
		3B424F8F2774A0B0004CDC57 /* Project object */ = {
			isa = PBXProject;
			attributes = {
				BuildIndependentTargetsInParallel = 1;
				LastSwiftUpdateCheck = 1300;
				LastUpgradeCheck = 1300;
				TargetAttributes = {
					3B424F962774A0B0004CDC57 = {
						CreatedOnToolsVersion = 13.0;
					};
				};
			};
			buildConfigurationList = 3B424F922774A0B0004CDC57 /* Build configuration list for PBXProject "CarUpkeep" */;
			compatibilityVersion = "Xcode 13.0";
			developmentRegion = en;
			hasScannedForEncodings = 0;
			knownRegions = (
				en,
				Base,
			);
			mainGroup = 3B424F8E2774A0B0004CDC57;
			productRefGroup = 3B424F982774A0B0004CDC57 /* Products */;
			projectDirPath = "";
			projectRoot = "";
			targets = (
				3B424F962774A0B0004CDC57 /* CarUpkeep */,
			);
		};
/* End PBXProject section */

/* Begin PBXResourcesBuildPhase section */
		3B424F952774A0B0004CDC57 /* Resources */ = {
			isa = PBXResourcesBuildPhase;
			buildActionMask = 2147483647;
			files = (
				3B9560CC278C5F030081CC86 /* LiabilityInsuranceTableViewCell.xib in Resources */,
				3B9F18AD277893B800227123 /* AutomobileTaxTableViewCell.xib in Resources */,
				3B9F18A5277891DC00227123 /* TitleTableViewCell.xib in Resources */,
				3B8FFF6E2781B03E0079E938 /* TaxViewController.storyboard in Resources */,
				3B9F18B127789C5300227123 /* ResultTableViewCell.xib in Resources */,
				3B424FA72774A0B7004CDC57 /* LaunchScreen.storyboard in Resources */,
				3B424FA42774A0B7004CDC57 /* Assets.xcassets in Resources */,
				3B9560D627985C690081CC86 /* PriceTableViewCell.xib in Resources */,
				3B9560D2279466EA0081CC86 /* PriceViewController.storyboard in Resources */,
				3B424FA22774A0B0004CDC57 /* CalculationViewController.storyboard in Resources */,
				3B4E3AF7277DF69100D06785 /* InsuranceTableViewCell.xib in Resources */,
				3BE568372785B81C00510579 /* InsuranceViewController.storyboard in Resources */,
				3B9F18B827789DB400227123 /* WeightTaxTableViewCell.xib in Resources */,
			);
			runOnlyForDeploymentPostprocessing = 0;
		};
/* End PBXResourcesBuildPhase section */

/* Begin PBXShellScriptBuildPhase section */
		432470CC734C317DD9F4EE7F /* [CP] Embed Pods Frameworks */ = {
			isa = PBXShellScriptBuildPhase;
			buildActionMask = 2147483647;
			files = (
			);
			inputFileListPaths = (
				"${PODS_ROOT}/Target Support Files/Pods-CarUpkeep/Pods-CarUpkeep-frameworks-${CONFIGURATION}-input-files.xcfilelist",
			);
			name = "[CP] Embed Pods Frameworks";
			outputFileListPaths = (
				"${PODS_ROOT}/Target Support Files/Pods-CarUpkeep/Pods-CarUpkeep-frameworks-${CONFIGURATION}-output-files.xcfilelist",
			);
			runOnlyForDeploymentPostprocessing = 0;
			shellPath = /bin/sh;
			shellScript = "\"${PODS_ROOT}/Target Support Files/Pods-CarUpkeep/Pods-CarUpkeep-frameworks.sh\"\n";
			showEnvVarsInLog = 0;
		};
		77A8C939299197098563F889 /* [CP] Check Pods Manifest.lock */ = {
			isa = PBXShellScriptBuildPhase;
			buildActionMask = 2147483647;
			files = (
			);
			inputFileListPaths = (
			);
			inputPaths = (
				"${PODS_PODFILE_DIR_PATH}/Podfile.lock",
				"${PODS_ROOT}/Manifest.lock",
			);
			name = "[CP] Check Pods Manifest.lock";
			outputFileListPaths = (
			);
			outputPaths = (
				"$(DERIVED_FILE_DIR)/Pods-CarUpkeep-checkManifestLockResult.txt",
			);
			runOnlyForDeploymentPostprocessing = 0;
			shellPath = /bin/sh;
			shellScript = "diff \"${PODS_PODFILE_DIR_PATH}/Podfile.lock\" \"${PODS_ROOT}/Manifest.lock\" > /dev/null\nif [ $? != 0 ] ; then\n    # print error to STDERR\n    echo \"error: The sandbox is not in sync with the Podfile.lock. Run 'pod install' or update your CocoaPods installation.\" >&2\n    exit 1\nfi\n# This output is used by Xcode 'outputs' to avoid re-running this script phase.\necho \"SUCCESS\" > \"${SCRIPT_OUTPUT_FILE_0}\"\n";
			showEnvVarsInLog = 0;
		};
/* End PBXShellScriptBuildPhase section */

/* Begin PBXSourcesBuildPhase section */
		3B424F932774A0B0004CDC57 /* Sources */ = {
			isa = PBXSourcesBuildPhase;
			buildActionMask = 2147483647;
			files = (
				3BAEC7B927AFEB6C00CA4FCA /* PriceViewModel.swift in Sources */,
				3B9F18A4277891DC00227123 /* TitleTableViewCell.swift in Sources */,
				3B9F18AC277893B800227123 /* AutomobileTaxTableViewCell.swift in Sources */,
				3B4E3AF6277DF69100D06785 /* InsuranceTableViewCell.swift in Sources */,
				3B424F9F2774A0B0004CDC57 /* CalculationViewController.swift in Sources */,
				3B9560CB278C5F030081CC86 /* LiabilityInsuranceTableViewCell.swift in Sources */,
				3B424F9B2774A0B0004CDC57 /* AppDelegate.swift in Sources */,
				3B9560D0279466D60081CC86 /* PriceViewController.swift in Sources */,
				3BC788E227AAC73E003172FD /* UITextField+TextToInt.swift in Sources */,
				3B8FFF6C2781B0150079E938 /* TaxViewController.swift in Sources */,
				3B9F18B727789DB400227123 /* WeightTaxTableViewCell.swift in Sources */,
				3BE568352785B80C00510579 /* InsuranceViewController.swift in Sources */,
				3B9F18B027789C5300227123 /* ResultTableViewCell.swift in Sources */,
				3B9560D527985C690081CC86 /* PriceTableViewCell.swift in Sources */,
				3B9560CE279300F20081CC86 /* UIViewController+DismissKeyboard.swift in Sources */,
				3B424F9D2774A0B0004CDC57 /* SceneDelegate.swift in Sources */,
			);
			runOnlyForDeploymentPostprocessing = 0;
		};
/* End PBXSourcesBuildPhase section */

/* Begin PBXVariantGroup section */
		3B424FA02774A0B0004CDC57 /* CalculationViewController.storyboard */ = {
			isa = PBXVariantGroup;
			children = (
				3B424FA12774A0B0004CDC57 /* Base */,
			);
			name = CalculationViewController.storyboard;
			sourceTree = "<group>";
		};
		3B424FA52774A0B7004CDC57 /* LaunchScreen.storyboard */ = {
			isa = PBXVariantGroup;
			children = (
				3B424FA62774A0B7004CDC57 /* Base */,
			);
			name = LaunchScreen.storyboard;
			sourceTree = "<group>";
		};
/* End PBXVariantGroup section */

/* Begin XCBuildConfiguration section */
		3B424FA92774A0B7004CDC57 /* Debug */ = {
			isa = XCBuildConfiguration;
			buildSettings = {
				ALWAYS_SEARCH_USER_PATHS = NO;
				CLANG_ANALYZER_NONNULL = YES;
				CLANG_ANALYZER_NUMBER_OBJECT_CONVERSION = YES_AGGRESSIVE;
				CLANG_CXX_LANGUAGE_STANDARD = "gnu++17";
				CLANG_CXX_LIBRARY = "libc++";
				CLANG_ENABLE_MODULES = YES;
				CLANG_ENABLE_OBJC_ARC = YES;
				CLANG_ENABLE_OBJC_WEAK = YES;
				CLANG_WARN_BLOCK_CAPTURE_AUTORELEASING = YES;
				CLANG_WARN_BOOL_CONVERSION = YES;
				CLANG_WARN_COMMA = YES;
				CLANG_WARN_CONSTANT_CONVERSION = YES;
				CLANG_WARN_DEPRECATED_OBJC_IMPLEMENTATIONS = YES;
				CLANG_WARN_DIRECT_OBJC_ISA_USAGE = YES_ERROR;
				CLANG_WARN_DOCUMENTATION_COMMENTS = YES;
				CLANG_WARN_EMPTY_BODY = YES;
				CLANG_WARN_ENUM_CONVERSION = YES;
				CLANG_WARN_INFINITE_RECURSION = YES;
				CLANG_WARN_INT_CONVERSION = YES;
				CLANG_WARN_NON_LITERAL_NULL_CONVERSION = YES;
				CLANG_WARN_OBJC_IMPLICIT_RETAIN_SELF = YES;
				CLANG_WARN_OBJC_LITERAL_CONVERSION = YES;
				CLANG_WARN_OBJC_ROOT_CLASS = YES_ERROR;
				CLANG_WARN_QUOTED_INCLUDE_IN_FRAMEWORK_HEADER = YES;
				CLANG_WARN_RANGE_LOOP_ANALYSIS = YES;
				CLANG_WARN_STRICT_PROTOTYPES = YES;
				CLANG_WARN_SUSPICIOUS_MOVE = YES;
				CLANG_WARN_UNGUARDED_AVAILABILITY = YES_AGGRESSIVE;
				CLANG_WARN_UNREACHABLE_CODE = YES;
				CLANG_WARN__DUPLICATE_METHOD_MATCH = YES;
				COPY_PHASE_STRIP = NO;
				DEBUG_INFORMATION_FORMAT = dwarf;
				ENABLE_STRICT_OBJC_MSGSEND = YES;
				ENABLE_TESTABILITY = YES;
				GCC_C_LANGUAGE_STANDARD = gnu11;
				GCC_DYNAMIC_NO_PIC = NO;
				GCC_NO_COMMON_BLOCKS = YES;
				GCC_OPTIMIZATION_LEVEL = 0;
				GCC_PREPROCESSOR_DEFINITIONS = (
					"DEBUG=1",
					"$(inherited)",
				);
				GCC_WARN_64_TO_32_BIT_CONVERSION = YES;
				GCC_WARN_ABOUT_RETURN_TYPE = YES_ERROR;
				GCC_WARN_UNDECLARED_SELECTOR = YES;
				GCC_WARN_UNINITIALIZED_AUTOS = YES_AGGRESSIVE;
				GCC_WARN_UNUSED_FUNCTION = YES;
				GCC_WARN_UNUSED_VARIABLE = YES;
				IPHONEOS_DEPLOYMENT_TARGET = 15.0;
				MTL_ENABLE_DEBUG_INFO = INCLUDE_SOURCE;
				MTL_FAST_MATH = YES;
				ONLY_ACTIVE_ARCH = YES;
				SDKROOT = iphoneos;
				SWIFT_ACTIVE_COMPILATION_CONDITIONS = DEBUG;
				SWIFT_OPTIMIZATION_LEVEL = "-Onone";
			};
			name = Debug;
		};
		3B424FAA2774A0B7004CDC57 /* Release */ = {
			isa = XCBuildConfiguration;
			buildSettings = {
				ALWAYS_SEARCH_USER_PATHS = NO;
				CLANG_ANALYZER_NONNULL = YES;
				CLANG_ANALYZER_NUMBER_OBJECT_CONVERSION = YES_AGGRESSIVE;
				CLANG_CXX_LANGUAGE_STANDARD = "gnu++17";
				CLANG_CXX_LIBRARY = "libc++";
				CLANG_ENABLE_MODULES = YES;
				CLANG_ENABLE_OBJC_ARC = YES;
				CLANG_ENABLE_OBJC_WEAK = YES;
				CLANG_WARN_BLOCK_CAPTURE_AUTORELEASING = YES;
				CLANG_WARN_BOOL_CONVERSION = YES;
				CLANG_WARN_COMMA = YES;
				CLANG_WARN_CONSTANT_CONVERSION = YES;
				CLANG_WARN_DEPRECATED_OBJC_IMPLEMENTATIONS = YES;
				CLANG_WARN_DIRECT_OBJC_ISA_USAGE = YES_ERROR;
				CLANG_WARN_DOCUMENTATION_COMMENTS = YES;
				CLANG_WARN_EMPTY_BODY = YES;
				CLANG_WARN_ENUM_CONVERSION = YES;
				CLANG_WARN_INFINITE_RECURSION = YES;
				CLANG_WARN_INT_CONVERSION = YES;
				CLANG_WARN_NON_LITERAL_NULL_CONVERSION = YES;
				CLANG_WARN_OBJC_IMPLICIT_RETAIN_SELF = YES;
				CLANG_WARN_OBJC_LITERAL_CONVERSION = YES;
				CLANG_WARN_OBJC_ROOT_CLASS = YES_ERROR;
				CLANG_WARN_QUOTED_INCLUDE_IN_FRAMEWORK_HEADER = YES;
				CLANG_WARN_RANGE_LOOP_ANALYSIS = YES;
				CLANG_WARN_STRICT_PROTOTYPES = YES;
				CLANG_WARN_SUSPICIOUS_MOVE = YES;
				CLANG_WARN_UNGUARDED_AVAILABILITY = YES_AGGRESSIVE;
				CLANG_WARN_UNREACHABLE_CODE = YES;
				CLANG_WARN__DUPLICATE_METHOD_MATCH = YES;
				COPY_PHASE_STRIP = NO;
				DEBUG_INFORMATION_FORMAT = "dwarf-with-dsym";
				ENABLE_NS_ASSERTIONS = NO;
				ENABLE_STRICT_OBJC_MSGSEND = YES;
				GCC_C_LANGUAGE_STANDARD = gnu11;
				GCC_NO_COMMON_BLOCKS = YES;
				GCC_WARN_64_TO_32_BIT_CONVERSION = YES;
				GCC_WARN_ABOUT_RETURN_TYPE = YES_ERROR;
				GCC_WARN_UNDECLARED_SELECTOR = YES;
				GCC_WARN_UNINITIALIZED_AUTOS = YES_AGGRESSIVE;
				GCC_WARN_UNUSED_FUNCTION = YES;
				GCC_WARN_UNUSED_VARIABLE = YES;
				IPHONEOS_DEPLOYMENT_TARGET = 15.0;
				MTL_ENABLE_DEBUG_INFO = NO;
				MTL_FAST_MATH = YES;
				SDKROOT = iphoneos;
				SWIFT_COMPILATION_MODE = wholemodule;
				SWIFT_OPTIMIZATION_LEVEL = "-O";
				VALIDATE_PRODUCT = YES;
			};
			name = Release;
		};
		3B424FAC2774A0B7004CDC57 /* Debug */ = {
			isa = XCBuildConfiguration;
			baseConfigurationReference = F8F32A712EA177B544989E1E /* Pods-CarUpkeep.debug.xcconfig */;
			buildSettings = {
				ASSETCATALOG_COMPILER_APPICON_NAME = AppIcon;
				ASSETCATALOG_COMPILER_GLOBAL_ACCENT_COLOR_NAME = AccentColor;
				CODE_SIGN_STYLE = Automatic;
				CURRENT_PROJECT_VERSION = 1;
				DEVELOPMENT_TEAM = MZS6GWM7ZN;
				FRAMEWORK_SEARCH_PATHS = (
					"$(inherited)",
					"\"${PODS_CONFIGURATION_BUILD_DIR}/IQKeyboardManagerSwift\"",
					"\"${PODS_CONFIGURATION_BUILD_DIR}/Instantiate\"",
					"\"${PODS_CONFIGURATION_BUILD_DIR}/InstantiateStandard\"",
					"\"${PODS_CONFIGURATION_BUILD_DIR}/Parchment\"",
				);
				GENERATE_INFOPLIST_FILE = YES;
				INFOPLIST_FILE = CarUpkeep/Info.plist;
				INFOPLIST_KEY_UIApplicationSupportsIndirectInputEvents = YES;
				INFOPLIST_KEY_UILaunchStoryboardName = LaunchScreen;
				INFOPLIST_KEY_UIMainStoryboardFile = CalculationViewController;
				INFOPLIST_KEY_UISupportedInterfaceOrientations_iPad = "UIInterfaceOrientationPortrait UIInterfaceOrientationPortraitUpsideDown UIInterfaceOrientationLandscapeLeft UIInterfaceOrientationLandscapeRight";
				INFOPLIST_KEY_UISupportedInterfaceOrientations_iPhone = "UIInterfaceOrientationPortrait UIInterfaceOrientationLandscapeLeft UIInterfaceOrientationLandscapeRight";
				LD_RUNPATH_SEARCH_PATHS = (
					"$(inherited)",
					"@executable_path/Frameworks",
				);
				MARKETING_VERSION = 1.0;
				PRODUCT_BUNDLE_IDENTIFIER = com.antk.CarUpkeep;
				PRODUCT_NAME = "$(TARGET_NAME)";
				SWIFT_EMIT_LOC_STRINGS = YES;
				SWIFT_VERSION = 5.0;
				TARGETED_DEVICE_FAMILY = "1,2";
			};
			name = Debug;
		};
		3B424FAD2774A0B7004CDC57 /* Release */ = {
			isa = XCBuildConfiguration;
			baseConfigurationReference = 4FF455297008D3DE71AB66FF /* Pods-CarUpkeep.release.xcconfig */;
			buildSettings = {
				ASSETCATALOG_COMPILER_APPICON_NAME = AppIcon;
				ASSETCATALOG_COMPILER_GLOBAL_ACCENT_COLOR_NAME = AccentColor;
				CODE_SIGN_STYLE = Automatic;
				CURRENT_PROJECT_VERSION = 1;
				DEVELOPMENT_TEAM = MZS6GWM7ZN;
				GENERATE_INFOPLIST_FILE = YES;
				INFOPLIST_FILE = CarUpkeep/Info.plist;
				INFOPLIST_KEY_UIApplicationSupportsIndirectInputEvents = YES;
				INFOPLIST_KEY_UILaunchStoryboardName = LaunchScreen;
				INFOPLIST_KEY_UIMainStoryboardFile = CalculationViewController;
				INFOPLIST_KEY_UISupportedInterfaceOrientations_iPad = "UIInterfaceOrientationPortrait UIInterfaceOrientationPortraitUpsideDown UIInterfaceOrientationLandscapeLeft UIInterfaceOrientationLandscapeRight";
				INFOPLIST_KEY_UISupportedInterfaceOrientations_iPhone = "UIInterfaceOrientationPortrait UIInterfaceOrientationLandscapeLeft UIInterfaceOrientationLandscapeRight";
				LD_RUNPATH_SEARCH_PATHS = (
					"$(inherited)",
					"@executable_path/Frameworks",
				);
				MARKETING_VERSION = 1.0;
				PRODUCT_BUNDLE_IDENTIFIER = com.antk.CarUpkeep;
				PRODUCT_NAME = "$(TARGET_NAME)";
				SWIFT_EMIT_LOC_STRINGS = YES;
				SWIFT_VERSION = 5.0;
				TARGETED_DEVICE_FAMILY = "1,2";
			};
			name = Release;
		};
/* End XCBuildConfiguration section */

/* Begin XCConfigurationList section */
		3B424F922774A0B0004CDC57 /* Build configuration list for PBXProject "CarUpkeep" */ = {
			isa = XCConfigurationList;
			buildConfigurations = (
				3B424FA92774A0B7004CDC57 /* Debug */,
				3B424FAA2774A0B7004CDC57 /* Release */,
			);
			defaultConfigurationIsVisible = 0;
			defaultConfigurationName = Release;
		};
		3B424FAB2774A0B7004CDC57 /* Build configuration list for PBXNativeTarget "CarUpkeep" */ = {
			isa = XCConfigurationList;
			buildConfigurations = (
				3B424FAC2774A0B7004CDC57 /* Debug */,
				3B424FAD2774A0B7004CDC57 /* Release */,
			);
			defaultConfigurationIsVisible = 0;
			defaultConfigurationName = Release;
		};
/* End XCConfigurationList section */
	};
	rootObject = 3B424F8F2774A0B0004CDC57 /* Project object */;
}
